
Microsoft Visual Studio Solution File, Format Version 10.00
# Visual Studio 2008
Project("{FAE04EC0-301F-11D3-BF4B-00C04F79EFBC}") = "Komplett.Dashboard.Frontend.Silverlight", "..\Source\Komplett.Dashboard.Frontend.Silverlight\Komplett.Dashboard.Frontend.Silverlight.csproj", "{D8E79BCB-0426-4C67-9879-E2253D20104D}"
EndProject
Project("{FAE04EC0-301F-11D3-BF4B-00C04F79EFBC}") = "Komplett.Dashboard.Frontend.Silverlight.Web", "..\Source\Komplett.Dashboard.Frontend.Silverlight.Web\Komplett.Dashboard.Frontend.Silverlight.Web.csproj", "{2C6C7EF9-2350-4376-86E0-8A5251047707}"
EndProject
Global
	GlobalSection(SolutionConfigurationPlatforms) = preSolution
		Debug|Any CPU = Debug|Any CPU
		Release|Any CPU = Release|Any CPU
	EndGlobalSection
	GlobalSection(ProjectConfigurationPlatforms) = postSolution
		{D8E79BCB-0426-4C67-9879-E2253D20104D}.Debug|Any CPU.ActiveCfg = Debug|Any CPU
		{D8E79BCB-0426-4C67-9879-E2253D20104D}.Debug|Any CPU.Build.0 = Debug|Any CPU
		{D8E79BCB-0426-4C67-9879-E2253D20104D}.Release|Any CPU.ActiveCfg = Release|Any CPU
		{D8E79BCB-0426-4C67-9879-E2253D20104D}.Release|Any CPU.Build.0 = Release|Any CPU
		{2C6C7EF9-2350-4376-86E0-8A5251047707}.Debug|Any CPU.ActiveCfg = Debug|Any CPU
		{2C6C7EF9-2350-4376-86E0-8A5251047707}.Debug|Any CPU.Build.0 = Debug|Any CPU
		{2C6C7EF9-2350-4376-86E0-8A5251047707}.Release|Any CPU.ActiveCfg = Release|Any CPU
		{2C6C7EF9-2350-4376-86E0-8A5251047707}.Release|Any CPU.Build.0 = Release|Any CPU
	EndGlobalSection
	GlobalSection(SolutionProperties) = preSolution
		HideSolutionNode = FALSE
	EndGlobalSection
EndGlobal
